
Microsoft Visual Studio Solution File, Format Version 12.00
# Visual Studio Version 16
VisualStudioVersion = 16.0.31911.196
MinimumVisualStudioVersion = 10.0.40219.1
Project("{FAE04EC0-301F-11D3-BF4B-00C04F79EFBC}") = "FavoriteViews", "FavoriteViews\FavoriteViews.csproj", "{5E8160B0-AF26-4477-BB29-FB478001071E}"
EndProject
Global
	GlobalSection(SolutionConfigurationPlatforms) = preSolution
		Debug|Any CPU = Debug|Any CPU
		Release|Any CPU = Release|Any CPU
	EndGlobalSection
	GlobalSection(ProjectConfigurationPlatforms) = postSolution
		{5E8160B0-AF26-4477-BB29-FB478001071E}.Debug|Any CPU.ActiveCfg = Debug|Any CPU
		{5E8160B0-AF26-4477-BB29-FB478001071E}.Debug|Any CPU.Build.0 = Debug|Any CPU
		{5E8160B0-AF26-4477-BB29-FB478001071E}.Release|Any CPU.ActiveCfg = Release|Any CPU
		{5E8160B0-AF26-4477-BB29-FB478001071E}.Release|Any CPU.Build.0 = Release|Any CPU
	EndGlobalSection
	GlobalSection(SolutionProperties) = preSolution
		HideSolutionNode = FALSE
	EndGlobalSection
	GlobalSection(ExtensibilityGlobals) = postSolution
		SolutionGuid = {281F99C6-F556-4ACE-99EC-9AAAA2811BD0}
	EndGlobalSection
EndGlobal
